
Microsoft Visual Studio Solution File, Format Version 12.00
# Visual Studio Version 17
VisualStudioVersion = 17.3.32929.385
MinimumVisualStudioVersion = 10.0.40219.1
Project("{9A19103F-16F7-4668-BE54-9A1E7A4F7556}") = "matchSchedule", "tamplateIdentity\matchSchedule.csproj", "{AAD73C7F-2950-4295-BE0A-03A844049FBA}"
EndProject
Global
	GlobalSection(SolutionConfigurationPlatforms) = preSolution
		Debug|Any CPU = Debug|Any CPU
		Release|Any CPU = Release|Any CPU
	EndGlobalSection
	GlobalSection(ProjectConfigurationPlatforms) = postSolution
		{AAD73C7F-2950-4295-BE0A-03A844049FBA}.Debug|Any CPU.ActiveCfg = Debug|Any CPU
		{AAD73C7F-2950-4295-BE0A-03A844049FBA}.Debug|Any CPU.Build.0 = Debug|Any CPU
		{AAD73C7F-2950-4295-BE0A-03A844049FBA}.Release|Any CPU.ActiveCfg = Release|Any CPU
		{AAD73C7F-2950-4295-BE0A-03A844049FBA}.Release|Any CPU.Build.0 = Release|Any CPU
	EndGlobalSection
	GlobalSection(SolutionProperties) = preSolution
		HideSolutionNode = FALSE
	EndGlobalSection
	GlobalSection(ExtensibilityGlobals) = postSolution
		SolutionGuid = {FA41B7C7-342D-49D9-AFA6-3D3657544BB3}
	EndGlobalSection
EndGlobal
