
Microsoft Visual Studio Solution File, Format Version 12.00
# Visual Studio Version 17
VisualStudioVersion = 17.3.32929.385
MinimumVisualStudioVersion = 10.0.40219.1
Project("{9A19103F-16F7-4668-BE54-9A1E7A4F7556}") = "matchSchedule", "matchSchedule\matchSchedule.csproj", "{ACBFDF02-C0C9-4653-87BF-C6B3D6B55175}"
EndProject
Global
	GlobalSection(SolutionConfigurationPlatforms) = preSolution
		Debug|Any CPU = Debug|Any CPU
		Release|Any CPU = Release|Any CPU
	EndGlobalSection
	GlobalSection(ProjectConfigurationPlatforms) = postSolution
		{ACBFDF02-C0C9-4653-87BF-C6B3D6B55175}.Debug|Any CPU.ActiveCfg = Debug|Any CPU
		{ACBFDF02-C0C9-4653-87BF-C6B3D6B55175}.Debug|Any CPU.Build.0 = Debug|Any CPU
		{ACBFDF02-C0C9-4653-87BF-C6B3D6B55175}.Release|Any CPU.ActiveCfg = Release|Any CPU
		{ACBFDF02-C0C9-4653-87BF-C6B3D6B55175}.Release|Any CPU.Build.0 = Release|Any CPU
	EndGlobalSection
	GlobalSection(SolutionProperties) = preSolution
		HideSolutionNode = FALSE
	EndGlobalSection
	GlobalSection(ExtensibilityGlobals) = postSolution
		SolutionGuid = {FA41B7C7-342D-49D9-AFA6-3D3657544BB3}
	EndGlobalSection
EndGlobal
